
Microsoft Visual Studio Solution File, Format Version 12.00
# Visual Studio 15
Project("{FAE04EC0-301F-11D3-BF4B-00C04F79EFBC}") = "Assembly-CSharp", "Assembly-CSharp.csproj", "{40F9823B-8FF7-7FCB-A8BD-58481B8D692A}"
EndProject
Project("{FAE04EC0-301F-11D3-BF4B-00C04F79EFBC}") = "Unity.XR.Interaction.Toolkit.Samples.DeviceSimulator", "Unity.XR.Interaction.Toolkit.Samples.DeviceSimulator.csproj", "{06FCFA92-2485-145D-4DAA-5C21C112E387}"
EndProject
Global
	GlobalSection(SolutionConfigurationPlatforms) = preSolution
		Debug|Any CPU = Debug|Any CPU
		Release|Any CPU = Release|Any CPU
	EndGlobalSection
	GlobalSection(ProjectConfigurationPlatforms) = postSolution
		{40F9823B-8FF7-7FCB-A8BD-58481B8D692A}.Debug|Any CPU.ActiveCfg = Debug|Any CPU
		{40F9823B-8FF7-7FCB-A8BD-58481B8D692A}.Debug|Any CPU.Build.0 = Debug|Any CPU
		{40F9823B-8FF7-7FCB-A8BD-58481B8D692A}.Release|Any CPU.ActiveCfg = Release|Any CPU
		{40F9823B-8FF7-7FCB-A8BD-58481B8D692A}.Release|Any CPU.Build.0 = Release|Any CPU
		{06FCFA92-2485-145D-4DAA-5C21C112E387}.Debug|Any CPU.ActiveCfg = Debug|Any CPU
		{06FCFA92-2485-145D-4DAA-5C21C112E387}.Debug|Any CPU.Build.0 = Debug|Any CPU
		{06FCFA92-2485-145D-4DAA-5C21C112E387}.Release|Any CPU.ActiveCfg = Release|Any CPU
		{06FCFA92-2485-145D-4DAA-5C21C112E387}.Release|Any CPU.Build.0 = Release|Any CPU
	EndGlobalSection
	GlobalSection(SolutionProperties) = preSolution
		HideSolutionNode = FALSE
	EndGlobalSection
EndGlobal
