
Microsoft Visual Studio Solution File, Format Version 12.00
# Visual Studio 15
Project("{FAE04EC0-301F-11D3-BF4B-00C04F79EFBC}") = "Assembly-CSharp", "Assembly-CSharp.csproj", "{BCF0403F-B30C-E6E6-6F8A-6C9E48A36710}"
EndProject
Project("{FAE04EC0-301F-11D3-BF4B-00C04F79EFBC}") = "Unity.XR.Interaction.Toolkit.Samples.DeviceSimulator", "Unity.XR.Interaction.Toolkit.Samples.DeviceSimulator.csproj", "{722AD49A-959C-EB64-68F7-C05CA7CE45A3}"
EndProject
Global
	GlobalSection(SolutionConfigurationPlatforms) = preSolution
		Debug|Any CPU = Debug|Any CPU
		Release|Any CPU = Release|Any CPU
	EndGlobalSection
	GlobalSection(ProjectConfigurationPlatforms) = postSolution
		{BCF0403F-B30C-E6E6-6F8A-6C9E48A36710}.Debug|Any CPU.ActiveCfg = Debug|Any CPU
		{BCF0403F-B30C-E6E6-6F8A-6C9E48A36710}.Debug|Any CPU.Build.0 = Debug|Any CPU
		{BCF0403F-B30C-E6E6-6F8A-6C9E48A36710}.Release|Any CPU.ActiveCfg = Release|Any CPU
		{BCF0403F-B30C-E6E6-6F8A-6C9E48A36710}.Release|Any CPU.Build.0 = Release|Any CPU
		{722AD49A-959C-EB64-68F7-C05CA7CE45A3}.Debug|Any CPU.ActiveCfg = Debug|Any CPU
		{722AD49A-959C-EB64-68F7-C05CA7CE45A3}.Debug|Any CPU.Build.0 = Debug|Any CPU
		{722AD49A-959C-EB64-68F7-C05CA7CE45A3}.Release|Any CPU.ActiveCfg = Release|Any CPU
		{722AD49A-959C-EB64-68F7-C05CA7CE45A3}.Release|Any CPU.Build.0 = Release|Any CPU
	EndGlobalSection
	GlobalSection(SolutionProperties) = preSolution
		HideSolutionNode = FALSE
	EndGlobalSection
EndGlobal
